// !$*UTF8*$!
{
	archiveVersion = 1;
	classes = {
	};
	objectVersion = 46;
	objects = {

/* Begin PBXBuildFile section */
		07DB63011EB3B57100B5437D /* AppDelegate.swift in Sources */ = {isa = PBXBuildFile; fileRef = 07DB63001EB3B57100B5437D /* AppDelegate.swift */; };
		07DB63081EB3B57100B5437D /* Assets.xcassets in Resources */ = {isa = PBXBuildFile; fileRef = 07DB63071EB3B57100B5437D /* Assets.xcassets */; };
		07DB630B1EB3B57100B5437D /* LaunchScreen.storyboard in Resources */ = {isa = PBXBuildFile; fileRef = 07DB63091EB3B57100B5437D /* LaunchScreen.storyboard */; };
		07DB63181EB3B59E00B5437D /* CamViewController.swift in Sources */ = {isa = PBXBuildFile; fileRef = 07DB63121EB3B59E00B5437D /* CamViewController.swift */; };
		07DB63191EB3B59E00B5437D /* Extensions.swift in Sources */ = {isa = PBXBuildFile; fileRef = 07DB63131EB3B59E00B5437D /* Extensions.swift */; };
		07DB631A1EB3B59E00B5437D /* FeedNavigationController.swift in Sources */ = {isa = PBXBuildFile; fileRef = 07DB63141EB3B59E00B5437D /* FeedNavigationController.swift */; };
		07DB631B1EB3B59E00B5437D /* FeedViewController.swift in Sources */ = {isa = PBXBuildFile; fileRef = 07DB63151EB3B59E00B5437D /* FeedViewController.swift */; };
		07DB631C1EB3B59E00B5437D /* SlideAnimator.swift in Sources */ = {isa = PBXBuildFile; fileRef = 07DB63161EB3B59E00B5437D /* SlideAnimator.swift */; };
		07DB631D1EB3B59E00B5437D /* UserViewController.swift in Sources */ = {isa = PBXBuildFile; fileRef = 07DB63171EB3B59E00B5437D /* UserViewController.swift */; };
/* End PBXBuildFile section */

/* Begin PBXFileReference section */
		07DB62FD1EB3B57100B5437D /* InteractiveNavigationController.app */ = {isa = PBXFileReference; explicitFileType = wrapper.application; includeInIndex = 0; path = InteractiveNavigationController.app; sourceTree = BUILT_PRODUCTS_DIR; };
		07DB63001EB3B57100B5437D /* AppDelegate.swift */ = {isa = PBXFileReference; lastKnownFileType = sourcecode.swift; path = AppDelegate.swift; sourceTree = "<group>"; };
		07DB63071EB3B57100B5437D /* Assets.xcassets */ = {isa = PBXFileReference; lastKnownFileType = folder.assetcatalog; path = Assets.xcassets; sourceTree = "<group>"; };
		07DB630A1EB3B57100B5437D /* Base */ = {isa = PBXFileReference; lastKnownFileType = file.storyboard; name = Base; path = Base.lproj/LaunchScreen.storyboard; sourceTree = "<group>"; };
		07DB630C1EB3B57100B5437D /* Info.plist */ = {isa = PBXFileReference; lastKnownFileType = text.plist.xml; path = Info.plist; sourceTree = "<group>"; };
		07DB63121EB3B59E00B5437D /* CamViewController.swift */ = {isa = PBXFileReference; fileEncoding = 4; lastKnownFileType = sourcecode.swift; path = CamViewController.swift; sourceTree = "<group>"; };
		07DB63131EB3B59E00B5437D /* Extensions.swift */ = {isa = PBXFileReference; fileEncoding = 4; lastKnownFileType = sourcecode.swift; path = Extensions.swift; sourceTree = "<group>"; };
		07DB63141EB3B59E00B5437D /* FeedNavigationController.swift */ = {isa = PBXFileReference; fileEncoding = 4; lastKnownFileType = sourcecode.swift; path = FeedNavigationController.swift; sourceTree = "<group>"; };
		07DB63151EB3B59E00B5437D /* FeedViewController.swift */ = {isa = PBXFileReference; fileEncoding = 4; lastKnownFileType = sourcecode.swift; path = FeedViewController.swift; sourceTree = "<group>"; };
		07DB63161EB3B59E00B5437D /* SlideAnimator.swift */ = {isa = PBXFileReference; fileEncoding = 4; lastKnownFileType = sourcecode.swift; path = SlideAnimator.swift; sourceTree = "<group>"; };
		07DB63171EB3B59E00B5437D /* UserViewController.swift */ = {isa = PBXFileReference; fileEncoding = 4; lastKnownFileType = sourcecode.swift; path = UserViewController.swift; sourceTree = "<group>"; };
/* End PBXFileReference section */

/* Begin PBXFrameworksBuildPhase section */
		07DB62FA1EB3B57100B5437D /* Frameworks */ = {
			isa = PBXFrameworksBuildPhase;
			buildActionMask = 2147483647;
			files = (
			);
			runOnlyForDeploymentPostprocessing = 0;
		};
/* End PBXFrameworksBuildPhase section */

/* Begin PBXGroup section */
		07DB62F41EB3B57100B5437D = {
			isa = PBXGroup;
			children = (
				07DB62FF1EB3B57100B5437D /* InteractiveNavigationController */,
				07DB62FE1EB3B57100B5437D /* Products */,
			);
			sourceTree = "<group>";
		};
		07DB62FE1EB3B57100B5437D /* Products */ = {
			isa = PBXGroup;
			children = (
				07DB62FD1EB3B57100B5437D /* InteractiveNavigationController.app */,
			);
			name = Products;
			sourceTree = "<group>";
		};
		07DB62FF1EB3B57100B5437D /* InteractiveNavigationController */ = {
			isa = PBXGroup;
			children = (
				07DB63001EB3B57100B5437D /* AppDelegate.swift */,
				07DB63121EB3B59E00B5437D /* CamViewController.swift */,
				07DB63131EB3B59E00B5437D /* Extensions.swift */,
				07DB63141EB3B59E00B5437D /* FeedNavigationController.swift */,
				07DB63151EB3B59E00B5437D /* FeedViewController.swift */,
				07DB63161EB3B59E00B5437D /* SlideAnimator.swift */,
				07DB63171EB3B59E00B5437D /* UserViewController.swift */,
				07DB63071EB3B57100B5437D /* Assets.xcassets */,
				07DB63091EB3B57100B5437D /* LaunchScreen.storyboard */,
				07DB630C1EB3B57100B5437D /* Info.plist */,
			);
			path = InteractiveNavigationController;
			sourceTree = "<group>";
		};
/* End PBXGroup section */

/* Begin PBXNativeTarget section */
		07DB62FC1EB3B57100B5437D /* InteractiveNavigationController */ = {
			isa = PBXNativeTarget;
			buildConfigurationList = 07DB630F1EB3B57100B5437D /* Build configuration list for PBXNativeTarget "InteractiveNavigationController" */;
			buildPhases = (
				07DB62F91EB3B57100B5437D /* Sources */,
				07DB62FA1EB3B57100B5437D /* Frameworks */,
				07DB62FB1EB3B57100B5437D /* Resources */,
			);
			buildRules = (
			);
			dependencies = (
			);
			name = InteractiveNavigationController;
			productName = InteractiveNavigationController;
			productReference = 07DB62FD1EB3B57100B5437D /* InteractiveNavigationController.app */;
			productType = "com.apple.product-type.application";
		};
/* End PBXNativeTarget section */

/* Begin PBXProject section */
		07DB62F51EB3B57100B5437D /* Project object */ = {
			isa = PBXProject;
			attributes = {
				LastSwiftUpdateCheck = 0830;
				LastUpgradeCheck = 0830;
				ORGANIZATIONNAME = "Omar Albeik";
				TargetAttributes = {
					07DB62FC1EB3B57100B5437D = {
						CreatedOnToolsVersion = 8.3.2;
						DevelopmentTeam = C3VKVFB3SA;
						ProvisioningStyle = Automatic;
					};
				};
			};
			buildConfigurationList = 07DB62F81EB3B57100B5437D /* Build configuration list for PBXProject "InteractiveNavigationController" */;
			compatibilityVersion = "Xcode 3.2";
			developmentRegion = English;
			hasScannedForEncodings = 0;
			knownRegions = (
				en,
				Base,
			);
			mainGroup = 07DB62F41EB3B57100B5437D;
			productRefGroup = 07DB62FE1EB3B57100B5437D /* Products */;
			projectDirPath = "";
			projectRoot = "";
			targets = (
				07DB62FC1EB3B57100B5437D /* InteractiveNavigationController */,
			);
		};
/* End PBXProject section */

/* Begin PBXResourcesBuildPhase section */
		07DB62FB1EB3B57100B5437D /* Resources */ = {
			isa = PBXResourcesBuildPhase;
			buildActionMask = 2147483647;
			files = (
				07DB630B1EB3B57100B5437D /* LaunchScreen.storyboard in Resources */,
				07DB63081EB3B57100B5437D /* Assets.xcassets in Resources */,
			);
			runOnlyForDeploymentPostprocessing = 0;
		};
/* End PBXResourcesBuildPhase section */

/* Begin PBXSourcesBuildPhase section */
		07DB62F91EB3B57100B5437D /* Sources */ = {
			isa = PBXSourcesBuildPhase;
			buildActionMask = 2147483647;
			files = (
				07DB631D1EB3B59E00B5437D /* UserViewController.swift in Sources */,
				07DB63181EB3B59E00B5437D /* CamViewController.swift in Sources */,
				07DB631A1EB3B59E00B5437D /* FeedNavigationController.swift in Sources */,
				07DB631C1EB3B59E00B5437D /* SlideAnimator.swift in Sources */,
				07DB631B1EB3B59E00B5437D /* FeedViewController.swift in Sources */,
				07DB63191EB3B59E00B5437D /* Extensions.swift in Sources */,
				07DB63011EB3B57100B5437D /* AppDelegate.swift in Sources */,
			);
			runOnlyForDeploymentPostprocessing = 0;
		};
/* End PBXSourcesBuildPhase section */

/* Begin PBXVariantGroup section */
		07DB63091EB3B57100B5437D /* LaunchScreen.storyboard */ = {
			isa = PBXVariantGroup;
			children = (
				07DB630A1EB3B57100B5437D /* Base */,
			);
			name = LaunchScreen.storyboard;
			sourceTree = "<group>";
		};
/* End PBXVariantGroup section */

/* Begin XCBuildConfiguration section */
		07DB630D1EB3B57100B5437D /* Debug */ = {
			isa = XCBuildConfiguration;
			buildSettings = {
				ALWAYS_SEARCH_USER_PATHS = NO;
				CLANG_ANALYZER_NONNULL = YES;
				CLANG_ANALYZER_NUMBER_OBJECT_CONVERSION = YES_AGGRESSIVE;
				CLANG_CXX_LANGUAGE_STANDARD = "gnu++0x";
				CLANG_CXX_LIBRARY = "libc++";
				CLANG_ENABLE_MODULES = YES;
				CLANG_ENABLE_OBJC_ARC = YES;
				CLANG_WARN_BOOL_CONVERSION = YES;
				CLANG_WARN_CONSTANT_CONVERSION = YES;
				CLANG_WARN_DIRECT_OBJC_ISA_USAGE = YES_ERROR;
				CLANG_WARN_DOCUMENTATION_COMMENTS = YES;
				CLANG_WARN_EMPTY_BODY = YES;
				CLANG_WARN_ENUM_CONVERSION = YES;
				CLANG_WARN_INFINITE_RECURSION = YES;
				CLANG_WARN_INT_CONVERSION = YES;
				CLANG_WARN_OBJC_ROOT_CLASS = YES_ERROR;
				CLANG_WARN_SUSPICIOUS_MOVE = YES;
				CLANG_WARN_UNREACHABLE_CODE = YES;
				CLANG_WARN__DUPLICATE_METHOD_MATCH = YES;
				"CODE_SIGN_IDENTITY[sdk=iphoneos*]" = "iPhone Developer";
				COPY_PHASE_STRIP = NO;
				DEBUG_INFORMATION_FORMAT = dwarf;
				ENABLE_STRICT_OBJC_MSGSEND = YES;
				ENABLE_TESTABILITY = YES;
				GCC_C_LANGUAGE_STANDARD = gnu99;
				GCC_DYNAMIC_NO_PIC = NO;
				GCC_NO_COMMON_BLOCKS = YES;
				GCC_OPTIMIZATION_LEVEL = 0;
				GCC_PREPROCESSOR_DEFINITIONS = (
					"DEBUG=1",
					"$(inherited)",
				);
				GCC_WARN_64_TO_32_BIT_CONVERSION = YES;
				GCC_WARN_ABOUT_RETURN_TYPE = YES_ERROR;
				GCC_WARN_UNDECLARED_SELECTOR = YES;
				GCC_WARN_UNINITIALIZED_AUTOS = YES_AGGRESSIVE;
				GCC_WARN_UNUSED_FUNCTION = YES;
				GCC_WARN_UNUSED_VARIABLE = YES;
				IPHONEOS_DEPLOYMENT_TARGET = 10.3;
				MTL_ENABLE_DEBUG_INFO = YES;
				ONLY_ACTIVE_ARCH = YES;
				SDKROOT = iphoneos;
				SWIFT_ACTIVE_COMPILATION_CONDITIONS = DEBUG;
				SWIFT_OPTIMIZATION_LEVEL = "-Onone";
				TARGETED_DEVICE_FAMILY = "1,2";
			};
			name = Debug;
		};
		07DB630E1EB3B57100B5437D /* Release */ = {
			isa = XCBuildConfiguration;
			buildSettings = {
				ALWAYS_SEARCH_USER_PATHS = NO;
				CLANG_ANALYZER_NONNULL = YES;
				CLANG_ANALYZER_NUMBER_OBJECT_CONVERSION = YES_AGGRESSIVE;
				CLANG_CXX_LANGUAGE_STANDARD = "gnu++0x";
				CLANG_CXX_LIBRARY = "libc++";
				CLANG_ENABLE_MODULES = YES;
				CLANG_ENABLE_OBJC_ARC = YES;
				CLANG_WARN_BOOL_CONVERSION = YES;
				CLANG_WARN_CONSTANT_CONVERSION = YES;
				CLANG_WARN_DIRECT_OBJC_ISA_USAGE = YES_ERROR;
				CLANG_WARN_DOCUMENTATION_COMMENTS = YES;
				CLANG_WARN_EMPTY_BODY = YES;
				CLANG_WARN_ENUM_CONVERSION = YES;
				CLANG_WARN_INFINITE_RECURSION = YES;
				CLANG_WARN_INT_CONVERSION = YES;
				CLANG_WARN_OBJC_ROOT_CLASS = YES_ERROR;
				CLANG_WARN_SUSPICIOUS_MOVE = YES;
				CLANG_WARN_UNREACHABLE_CODE = YES;
				CLANG_WARN__DUPLICATE_METHOD_MATCH = YES;
				"CODE_SIGN_IDENTITY[sdk=iphoneos*]" = "iPhone Developer";
				COPY_PHASE_STRIP = NO;
				DEBUG_INFORMATION_FORMAT = "dwarf-with-dsym";
				ENABLE_NS_ASSERTIONS = NO;
				ENABLE_STRICT_OBJC_MSGSEND = YES;
				GCC_C_LANGUAGE_STANDARD = gnu99;
				GCC_NO_COMMON_BLOCKS = YES;
				GCC_WARN_64_TO_32_BIT_CONVERSION = YES;
				GCC_WARN_ABOUT_RETURN_TYPE = YES_ERROR;
				GCC_WARN_UNDECLARED_SELECTOR = YES;
				GCC_WARN_UNINITIALIZED_AUTOS = YES_AGGRESSIVE;
				GCC_WARN_UNUSED_FUNCTION = YES;
				GCC_WARN_UNUSED_VARIABLE = YES;
				IPHONEOS_DEPLOYMENT_TARGET = 10.3;
				MTL_ENABLE_DEBUG_INFO = NO;
				SDKROOT = iphoneos;
				SWIFT_OPTIMIZATION_LEVEL = "-Owholemodule";
				TARGETED_DEVICE_FAMILY = "1,2";
				VALIDATE_PRODUCT = YES;
			};
			name = Release;
		};
		07DB63101EB3B57100B5437D /* Debug */ = {
			isa = XCBuildConfiguration;
			buildSettings = {
				ASSETCATALOG_COMPILER_APPICON_NAME = AppIcon;
				DEVELOPMENT_TEAM = C3VKVFB3SA;
				INFOPLIST_FILE = InteractiveNavigationController/Info.plist;
				IPHONEOS_DEPLOYMENT_TARGET = 9.0;
				LD_RUNPATH_SEARCH_PATHS = "$(inherited) @executable_path/Frameworks";
				PRODUCT_BUNDLE_IDENTIFIER = com.omaralbeik.InteractiveNavigationController;
				PRODUCT_NAME = "$(TARGET_NAME)";
				SWIFT_VERSION = 3.0;
			};
			name = Debug;
		};
		07DB63111EB3B57100B5437D /* Release */ = {
			isa = XCBuildConfiguration;
			buildSettings = {
				ASSETCATALOG_COMPILER_APPICON_NAME = AppIcon;
				DEVELOPMENT_TEAM = C3VKVFB3SA;
				INFOPLIST_FILE = InteractiveNavigationController/Info.plist;
				IPHONEOS_DEPLOYMENT_TARGET = 9.0;
				LD_RUNPATH_SEARCH_PATHS = "$(inherited) @executable_path/Frameworks";
				PRODUCT_BUNDLE_IDENTIFIER = com.omaralbeik.InteractiveNavigationController;
				PRODUCT_NAME = "$(TARGET_NAME)";
				SWIFT_VERSION = 3.0;
			};
			name = Release;
		};
/* End XCBuildConfiguration section */

/* Begin XCConfigurationList section */
		07DB62F81EB3B57100B5437D /* Build configuration list for PBXProject "InteractiveNavigationController" */ = {
			isa = XCConfigurationList;
			buildConfigurations = (
				07DB630D1EB3B57100B5437D /* Debug */,
				07DB630E1EB3B57100B5437D /* Release */,
			);
			defaultConfigurationIsVisible = 0;
			defaultConfigurationName = Release;
		};
		07DB630F1EB3B57100B5437D /* Build configuration list for PBXNativeTarget "InteractiveNavigationController" */ = {
			isa = XCConfigurationList;
			buildConfigurations = (
				07DB63101EB3B57100B5437D /* Debug */,
				07DB63111EB3B57100B5437D /* Release */,
			);
			defaultConfigurationIsVisible = 0;
		};
/* End XCConfigurationList section */
	};
	rootObject = 07DB62F51EB3B57100B5437D /* Project object */;
}
